
Microsoft Visual Studio Solution File, Format Version 12.00
# Visual Studio Version 17
VisualStudioVersion = 17.5.33103.201
MinimumVisualStudioVersion = 10.0.40219.1
Project("{9A19103F-16F7-4668-BE54-9A1E7A4F7556}") = "PlaywrightDemo", "PlaywrightDemo.csproj", "{CF60AC17-29A1-4FD1-9F3A-785B5D762969}"
EndProject
Global
	GlobalSection(SolutionConfigurationPlatforms) = preSolution
		Debug|Any CPU = Debug|Any CPU
		Release|Any CPU = Release|Any CPU
	EndGlobalSection
	GlobalSection(ProjectConfigurationPlatforms) = postSolution
		{CF60AC17-29A1-4FD1-9F3A-785B5D762969}.Debug|Any CPU.ActiveCfg = Debug|Any CPU
		{CF60AC17-29A1-4FD1-9F3A-785B5D762969}.Debug|Any CPU.Build.0 = Debug|Any CPU
		{CF60AC17-29A1-4FD1-9F3A-785B5D762969}.Release|Any CPU.ActiveCfg = Release|Any CPU
		{CF60AC17-29A1-4FD1-9F3A-785B5D762969}.Release|Any CPU.Build.0 = Release|Any CPU
	EndGlobalSection
	GlobalSection(SolutionProperties) = preSolution
		HideSolutionNode = FALSE
	EndGlobalSection
	GlobalSection(ExtensibilityGlobals) = postSolution
		SolutionGuid = {5C752F4E-7EC9-44BB-97F9-60611F2DC252}
	EndGlobalSection
EndGlobal
